{
    "version": 3,
    "terraform_version": "0.11.10",
    "serial": 6,
    "lineage": "b8eeb73c-2904-5e6a-4b28-3617dad3f12c",
    "modules": [
        {
            "path": [
                "root"
            ],
            "outputs": {},
            "resources": {
                "aws_eip.base": {
                    "type": "aws_eip",
                    "depends_on": [
                        "aws_instance.base"
                    ],
                    "primary": {
                        "id": "eipalloc-000229dc4c0bab73b",
                        "attributes": {
                            "association_id": "eipassoc-0d0538226191d7412",
                            "domain": "vpc",
                            "id": "eipalloc-000229dc4c0bab73b",
                            "instance": "i-01b743143e87c4cc8",
                            "network_interface": "eni-033cf1ee18b21d7e0",
                            "private_ip": "172.31.46.64",
                            "public_ip": "3.0.211.187",
                            "public_ipv4_pool": "amazon",
                            "tags.%": "0",
                            "vpc": "true"
                        },
                        "meta": {
                            "e2bfb730-ecaa-11e6-8f88-34363bc7c4c0": {
                                "delete": 180000000000,
                                "read": 900000000000,
                                "update": 300000000000
                            }
                        },
                        "tainted": false
                    },
                    "deposed": [],
                    "provider": "provider.aws"
                },
                "aws_instance.base": {
                    "type": "aws_instance",
                    "depends_on": [],
                    "primary": {
                        "id": "i-01b743143e87c4cc8",
                        "attributes": {
                            "ami": "ami-0b84d2c53ad5250c2",
                            "arn": "arn:aws:ec2:ap-southeast-1:449505944762:instance/i-01b743143e87c4cc8",
                            "associate_public_ip_address": "true",
                            "availability_zone": "ap-southeast-1c",
                            "cpu_core_count": "1",
                            "cpu_threads_per_core": "1",
                            "credit_specification.#": "1",
                            "credit_specification.0.cpu_credits": "standard",
                            "disable_api_termination": "false",
                            "ebs_block_device.#": "0",
                            "ebs_optimized": "false",
                            "ephemeral_block_device.#": "0",
                            "get_password_data": "false",
                            "iam_instance_profile": "",
                            "id": "i-01b743143e87c4cc8",
                            "instance_state": "running",
                            "instance_type": "t2.micro",
                            "ipv6_addresses.#": "0",
                            "key_name": "MyEC2KeyPair",
                            "monitoring": "false",
                            "network_interface.#": "0",
                            "network_interface_id": "eni-033cf1ee18b21d7e0",
                            "password_data": "",
                            "placement_group": "",
                            "primary_network_interface_id": "eni-033cf1ee18b21d7e0",
                            "private_dns": "ip-172-31-46-64.ap-southeast-1.compute.internal",
                            "private_ip": "172.31.46.64",
                            "public_dns": "ec2-13-250-231-190.ap-southeast-1.compute.amazonaws.com",
                            "public_ip": "13.250.231.190",
                            "root_block_device.#": "1",
                            "root_block_device.0.delete_on_termination": "true",
                            "root_block_device.0.iops": "100",
                            "root_block_device.0.volume_id": "vol-0201036ca3b6c6287",
                            "root_block_device.0.volume_size": "8",
                            "root_block_device.0.volume_type": "gp2",
                            "security_groups.#": "1",
                            "security_groups.3814588639": "default",
                            "source_dest_check": "true",
                            "subnet_id": "subnet-ef0d2da9",
                            "tags.%": "1",
                            "tags.Name": "site-vin",
                            "tenancy": "default",
                            "volume_tags.%": "0",
                            "vpc_security_group_ids.#": "1",
                            "vpc_security_group_ids.1760215664": "sg-d85cc5be"
                        },
                        "meta": {
                            "e2bfb730-ecaa-11e6-8f88-34363bc7c4c0": {
                                "create": 600000000000,
                                "delete": 1200000000000,
                                "update": 600000000000
                            },
                            "schema_version": "1"
                        },
                        "tainted": false
                    },
                    "deposed": [],
                    "provider": "provider.aws"
                }
            },
            "depends_on": []
        }
    ]
}
